<?xml version="1.0" encoding="utf-8"?>
<Project ToolsVersion="4.0" xmlns="http://schemas.microsoft.com/developer/msbuild/2003">
  <ItemGroup>
    <Filter Include="Source Files">
      <UniqueIdentifier>{4FC737F1-C7A5-4376-A066-2A32D752A2FF}</UniqueIdentifier>
      <Extensions>cpp;c;cc;cxx;def;odl;idl;hpj;bat;asm;asmx</Extensions>
    </Filter>
    <Filter Include="Header Files">
      <UniqueIdentifier>{93995380-89BD-4b04-88EB-625FBE52EBFB}</UniqueIdentifier>
      <Extensions>h;hh;hpp;hxx;hm;inl;inc;xsd</Extensions>
    </Filter>
    <Filter Include="Resource Files">
      <UniqueIdentifier>{67DA6AB6-F800-4c08-8B7A-83BB121AAD01}</UniqueIdentifier>
      <Extensions>rc;ico;cur;bmp;dlg;rc2;rct;bin;rgs;gif;jpg;jpeg;jpe;resx;tiff;tif;png;wav;mfcribbon-ms</Extensions>
    </Filter>
  </ItemGroup>
  <ItemGroup>
    <ClCompile Include="$(RootDir)\src\asynch_interface.c">
      <Filter>Source Files</Filter>
    </ClCompile>
    <ClCompile Include="$(RootDir)\src\asynch_interface_py.c">
      <Filter>Source Files</Filter>
    </ClCompile>
    <ClCompile Include="$(RootDir)\src\comm.c">
      <Filter>Source Files</Filter>
    </ClCompile>
    <ClCompile Include="$(RootDir)\src\compression.c">
      <Filter>Source Files</Filter>
    </ClCompile>
    <ClCompile Include="$(RootDir)\src\data_types.c">
      <Filter>Source Files</Filter>
    </ClCompile>
    <ClCompile Include="$(RootDir)\src\date_manip.c">
      <Filter>Source Files</Filter>
    </ClCompile>
    <ClCompile Include="$(RootDir)\src\definetype.c">
      <Filter>Source Files</Filter>
    </ClCompile>
    <ClCompile Include="$(RootDir)\src\forcings.c">
      <Filter>Source Files</Filter>
    </ClCompile>
    <ClCompile Include="$(RootDir)\src\io.c">
      <Filter>Source Files</Filter>
    </ClCompile>
    <ClCompile Include="$(RootDir)\src\mathmethods.c">
      <Filter>Source Files</Filter>
    </ClCompile>
    <ClCompile Include="$(RootDir)\src\misc.c">
      <Filter>Source Files</Filter>
    </ClCompile>
    <ClCompile Include="$(RootDir)\src\modeloutputs.c">
      <Filter>Source Files</Filter>
    </ClCompile>
    <ClCompile Include="$(RootDir)\src\partition.c">
      <Filter>Source Files</Filter>
    </ClCompile>
    <ClCompile Include="$(RootDir)\src\problems.c">
      <Filter>Source Files</Filter>
    </ClCompile>
    <ClCompile Include="$(RootDir)\src\processdata.c">
      <Filter>Source Files</Filter>
    </ClCompile>
    <ClCompile Include="$(RootDir)\src\rainfall.c">
      <Filter>Source Files</Filter>
    </ClCompile>
    <ClCompile Include="$(RootDir)\src\riversys.c">
      <Filter>Source Files</Filter>
    </ClCompile>
    <ClCompile Include="$(RootDir)\src\rkmethods.c">
      <Filter>Source Files</Filter>
    </ClCompile>
    <ClCompile Include="$(RootDir)\src\solvers.c">
      <Filter>Source Files</Filter>
    </ClCompile>
    <ClCompile Include="$(RootDir)\src\sort.c">
      <Filter>Source Files</Filter>
    </ClCompile>
    <ClCompile Include="$(RootDir)\src\system.c">
      <Filter>Source Files</Filter>
    </ClCompile>
  </ItemGroup>
  <ItemGroup>
    <ClInclude Include="$(RootDir)\src\asynch_interface.h">
      <Filter>Header Files</Filter>
    </ClInclude>
    <ClInclude Include="$(RootDir)\src\asynch_interface_py.h">
      <Filter>Header Files</Filter>
    </ClInclude>
    <ClInclude Include="$(RootDir)\src\comm.h">
      <Filter>Header Files</Filter>
    </ClInclude>
    <ClInclude Include="$(RootDir)\src\compression.h">
      <Filter>Header Files</Filter>
    </ClInclude>
    <ClInclude Include="$(RootDir)\src\data_types.h">
      <Filter>Header Files</Filter>
    </ClInclude>
    <ClInclude Include="$(RootDir)\src\date_manip.h">
      <Filter>Header Files</Filter>
    </ClInclude>
    <ClInclude Include="$(RootDir)\src\definetype.h">
      <Filter>Header Files</Filter>
    </ClInclude>
    <ClInclude Include="$(RootDir)\src\forcings.h">
      <Filter>Header Files</Filter>
    </ClInclude>
    <ClInclude Include="$(RootDir)\src\io.h">
      <Filter>Header Files</Filter>
    </ClInclude>
    <ClInclude Include="$(RootDir)\src\mathmethods.h">
      <Filter>Header Files</Filter>
    </ClInclude>
    <ClInclude Include="$(RootDir)\src\misc.h">
      <Filter>Header Files</Filter>
    </ClInclude>
    <ClInclude Include="$(RootDir)\src\modeloutputs.h">
      <Filter>Header Files</Filter>
    </ClInclude>
    <ClInclude Include="$(RootDir)\src\partition.h">
      <Filter>Header Files</Filter>
    </ClInclude>
    <ClInclude Include="$(RootDir)\src\problems.h">
      <Filter>Header Files</Filter>
    </ClInclude>
    <ClInclude Include="$(RootDir)\src\processdata.h">
      <Filter>Header Files</Filter>
    </ClInclude>
    <ClInclude Include="$(RootDir)\src\rainfall.h">
      <Filter>Header Files</Filter>
    </ClInclude>
    <ClInclude Include="$(RootDir)\src\riversys.h">
      <Filter>Header Files</Filter>
    </ClInclude>
    <ClInclude Include="$(RootDir)\src\rkmethods.h">
      <Filter>Header Files</Filter>
    </ClInclude>
    <ClInclude Include="$(RootDir)\src\solvers.h">
      <Filter>Header Files</Filter>
    </ClInclude>
    <ClInclude Include="$(RootDir)\src\sort.h">
      <Filter>Header Files</Filter>
    </ClInclude>
    <ClInclude Include="$(RootDir)\src\structs.h">
      <Filter>Header Files</Filter>
    </ClInclude>
    <ClInclude Include="$(RootDir)\src\system.h">
      <Filter>Header Files</Filter>
    </ClInclude>
    <ClInclude Include="..\..\..\src\libpq-fwd.h">
      <Filter>Header Files</Filter>
    </ClInclude>
  </ItemGroup>
  <ItemGroup>
    <None Include="$(RootDir)\LICENSE" />
    <None Include="$(RootDir)\makefile" />
  </ItemGroup>
</Project>